PODS:
  - AmazonIVSBroadcast (1.13.2):
    - AmazonIVSBroadcast/Core (= 1.13.2)
  - AmazonIVSBroadcast/Core (1.13.2)
  - AmazonIVSBroadcast/Stages (1.13.2)

DEPENDENCIES:
  - AmazonIVSBroadcast (~> 1.13.2)
  - AmazonIVSBroadcast/Stages (~> 1.13.2)

SPEC REPOS:
  trunk:
    - AmazonIVSBroadcast

SPEC CHECKSUMS:
  AmazonIVSBroadcast: e9572536b88a5fd94c439cf80b746c494ae8379c

PODFILE CHECKSUM: a1b353b1600982a8dc2afd92dbee3cc03ec60a8c

COCOAPODS: 1.12.1
