PODS:
  - AmazonIVSBroadcast (1.28.1):
    - AmazonIVSBroadcast/Core (= 1.28.1)
  - AmazonIVSBroadcast/Core (1.28.1)
  - AmazonIVSBroadcast/Stages (1.28.1)

DEPENDENCIES:
  - AmazonIVSBroadcast (= 1.28.1)
  - AmazonIVSBroadcast/Stages (= 1.28.1)

SPEC REPOS:
  trunk:
    - AmazonIVSBroadcast

SPEC CHECKSUMS:
  AmazonIVSBroadcast: 7bb8bbc080cb78088aba900eaecc2b37feb7d39d

PODFILE CHECKSUM: 6d3a8e178b149c15c4fd1f3e745e43f58a461331

COCOAPODS: 1.16.2
