// !$*UTF8*$!
{
	archiveVersion = 1;
	classes = {
	};
	objectVersion = 51;
	objects = {

/* Begin PBXBuildFile section */
		82A29F17BB97BEC42D0F6595 /* libPods-StagesApp.a in Frameworks */ = {isa = PBXBuildFile; fileRef = FDC03E3A0024E69E7E30996B /* libPods-StagesApp.a */; };
		86CCF8202825B3420081D482 /* LICENSE.Apple.txt in Resources */ = {isa = PBXBuildFile; fileRef = 86CCF81F2825B3420081D482 /* LICENSE.Apple.txt */; };
		86D6D9982819CD48000EF98C /* FilterHelper.swift in Sources */ = {isa = PBXBuildFile; fileRef = 86D6D9972819CD48000EF98C /* FilterHelper.swift */; };
		86EA9E0828060DA100A59209 /* ColorFilterRenderer.swift in Sources */ = {isa = PBXBuildFile; fileRef = 86EA9E0728060DA100A59209 /* ColorFilterRenderer.swift */; };
		B54DBD5A9E097A779373CE7E /* libPods-ScreenCapture.a in Frameworks */ = {isa = PBXBuildFile; fileRef = E21AB19670C32EA72E03B71E /* libPods-ScreenCapture.a */; };
		C23614962AA4B06200C542F8 /* RTCStats.swift in Sources */ = {isa = PBXBuildFile; fileRef = C23614952AA4B06200C542F8 /* RTCStats.swift */; };
		C296DB452AA102B20046CA11 /* StatsBuilder.swift in Sources */ = {isa = PBXBuildFile; fileRef = C296DB442AA102B20046CA11 /* StatsBuilder.swift */; };
		D919EB6E97675389822EB4CB /* libPods-BasicBroadcast.a in Frameworks */ = {isa = PBXBuildFile; fileRef = 97AD6CEC40B1754ADA708C86 /* libPods-BasicBroadcast.a */; };
		EA04C030278880D300B7F6E4 /* TableViewController.swift in Sources */ = {isa = PBXBuildFile; fileRef = EA04C02F278880D300B7F6E4 /* TableViewController.swift */; };
		EA1B1529278CCDA7002DC2E3 /* ShowHideTextField.swift in Sources */ = {isa = PBXBuildFile; fileRef = EA1B1528278CCDA7002DC2E3 /* ShowHideTextField.swift */; };
		EA3D73E8276102D6004DC8CD /* CustomSourcesViewController.swift in Sources */ = {isa = PBXBuildFile; fileRef = EA3D73E7276102D6004DC8CD /* CustomSourcesViewController.swift */; };
		EA3D73EA276102DF004DC8CD /* MixerViewController.swift in Sources */ = {isa = PBXBuildFile; fileRef = EA3D73E9276102DF004DC8CD /* MixerViewController.swift */; };
		EA3D73ED27611027004DC8CD /* Utils.swift in Sources */ = {isa = PBXBuildFile; fileRef = EA3D73EC27611027004DC8CD /* Utils.swift */; };
		EA3D73EF27611DF9004DC8CD /* ivs.mp4 in Resources */ = {isa = PBXBuildFile; fileRef = EA3D73EE27611DF9004DC8CD /* ivs.mp4 */; };
		EA6F46072683773200C7A12C /* ReplayKit.framework in Frameworks */ = {isa = PBXBuildFile; fileRef = EA6F46062683773200C7A12C /* ReplayKit.framework */; };
		EA6F460A2683773200C7A12C /* SampleHandler.swift in Sources */ = {isa = PBXBuildFile; fileRef = EA6F46092683773200C7A12C /* SampleHandler.swift */; };
		EA6F460E2683773200C7A12C /* ScreenCapture.appex in Embed App Extensions */ = {isa = PBXBuildFile; fileRef = EA6F46052683773200C7A12C /* ScreenCapture.appex */; settings = {ATTRIBUTES = (RemoveHeadersOnCopy, ); }; };
		EA6F46172683784F00C7A12C /* AuthItem.swift in Sources */ = {isa = PBXBuildFile; fileRef = EA6F46142683784F00C7A12C /* AuthItem.swift */; };
		EA6F46182683784F00C7A12C /* AuthItem.swift in Sources */ = {isa = PBXBuildFile; fileRef = EA6F46142683784F00C7A12C /* AuthItem.swift */; };
		EA6F46192683784F00C7A12C /* UserDefaultsAuthDao.swift in Sources */ = {isa = PBXBuildFile; fileRef = EA6F46152683784F00C7A12C /* UserDefaultsAuthDao.swift */; };
		EA6F461A2683784F00C7A12C /* UserDefaultsAuthDao.swift in Sources */ = {isa = PBXBuildFile; fileRef = EA6F46152683784F00C7A12C /* UserDefaultsAuthDao.swift */; };
		EA6F461B2683784F00C7A12C /* UserDefaultsDao.swift in Sources */ = {isa = PBXBuildFile; fileRef = EA6F46162683784F00C7A12C /* UserDefaultsDao.swift */; };
		EA6F461C2683784F00C7A12C /* UserDefaultsDao.swift in Sources */ = {isa = PBXBuildFile; fileRef = EA6F46162683784F00C7A12C /* UserDefaultsDao.swift */; };
		EACB225426824C850037FF69 /* AppDelegate.swift in Sources */ = {isa = PBXBuildFile; fileRef = EACB225326824C850037FF69 /* AppDelegate.swift */; };
		EACB225826824C850037FF69 /* LiveBroadcastViewController.swift in Sources */ = {isa = PBXBuildFile; fileRef = EACB225726824C850037FF69 /* LiveBroadcastViewController.swift */; };
		EACB225B26824C850037FF69 /* Main.storyboard in Resources */ = {isa = PBXBuildFile; fileRef = EACB225926824C850037FF69 /* Main.storyboard */; };
		EACB225D26824C860037FF69 /* Assets.xcassets in Resources */ = {isa = PBXBuildFile; fileRef = EACB225C26824C860037FF69 /* Assets.xcassets */; };
		EACB226026824C860037FF69 /* LaunchScreen.storyboard in Resources */ = {isa = PBXBuildFile; fileRef = EACB225E26824C860037FF69 /* LaunchScreen.storyboard */; };
		F8CD98EC29B8D7BD00F43D0E /* StageViewController.swift in Sources */ = {isa = PBXBuildFile; fileRef = F8CD98DA29B8D7BD00F43D0E /* StageViewController.swift */; };
		F8CD98ED29B8D7BD00F43D0E /* StageLayoutCalculator.swift in Sources */ = {isa = PBXBuildFile; fileRef = F8CD98DC29B8D7BD00F43D0E /* StageLayoutCalculator.swift */; };
		F8CD98EE29B8D7BD00F43D0E /* ParticipantCollectionViewLayout.swift in Sources */ = {isa = PBXBuildFile; fileRef = F8CD98DD29B8D7BD00F43D0E /* ParticipantCollectionViewLayout.swift */; };
		F8CD98EF29B8D7BD00F43D0E /* Utils.swift in Sources */ = {isa = PBXBuildFile; fileRef = F8CD98DE29B8D7BD00F43D0E /* Utils.swift */; };
		F8CD98F029B8D7BD00F43D0E /* Observable.swift in Sources */ = {isa = PBXBuildFile; fileRef = F8CD98DF29B8D7BD00F43D0E /* Observable.swift */; };
		F8CD98F129B8D7BD00F43D0E /* ParticipantCollectionViewCell.swift in Sources */ = {isa = PBXBuildFile; fileRef = F8CD98E129B8D7BD00F43D0E /* ParticipantCollectionViewCell.swift */; };
		F8CD98F229B8D7BD00F43D0E /* ParticipantCollectionViewCell.xib in Resources */ = {isa = PBXBuildFile; fileRef = F8CD98E229B8D7BD00F43D0E /* ParticipantCollectionViewCell.xib */; };
		F8CD98F329B8D7BD00F43D0E /* ParticipantData.swift in Sources */ = {isa = PBXBuildFile; fileRef = F8CD98E429B8D7BD00F43D0E /* ParticipantData.swift */; };
		F8CD98F429B8D7BD00F43D0E /* StageViewModel.swift in Sources */ = {isa = PBXBuildFile; fileRef = F8CD98E529B8D7BD00F43D0E /* StageViewModel.swift */; };
		F8CD98F629B8D7BD00F43D0E /* AppDelegate.swift in Sources */ = {isa = PBXBuildFile; fileRef = F8CD98E729B8D7BD00F43D0E /* AppDelegate.swift */; };
		F8CD98F729B8D7BD00F43D0E /* Main.storyboard in Resources */ = {isa = PBXBuildFile; fileRef = F8CD98E829B8D7BD00F43D0E /* Main.storyboard */; };
		F8CD98F829B8D7BD00F43D0E /* LaunchScreen.storyboard in Resources */ = {isa = PBXBuildFile; fileRef = F8CD98E929B8D7BD00F43D0E /* LaunchScreen.storyboard */; };
		F8CD98F929B8D7BD00F43D0E /* Assets.xcassets in Resources */ = {isa = PBXBuildFile; fileRef = F8CD98EA29B8D7BD00F43D0E /* Assets.xcassets */; };
/* End PBXBuildFile section */

/* Begin PBXContainerItemProxy section */
		EA6F460C2683773200C7A12C /* PBXContainerItemProxy */ = {
			isa = PBXContainerItemProxy;
			containerPortal = EACB224826824C850037FF69 /* Project object */;
			proxyType = 1;
			remoteGlobalIDString = EA6F46042683773200C7A12C;
			remoteInfo = ScreenCapture;
		};
/* End PBXContainerItemProxy section */

/* Begin PBXCopyFilesBuildPhase section */
		EA6F46122683773200C7A12C /* Embed App Extensions */ = {
			isa = PBXCopyFilesBuildPhase;
			buildActionMask = 2147483647;
			dstPath = "";
			dstSubfolderSpec = 13;
			files = (
				EA6F460E2683773200C7A12C /* ScreenCapture.appex in Embed App Extensions */,
			);
			name = "Embed App Extensions";
			runOnlyForDeploymentPostprocessing = 0;
		};
/* End PBXCopyFilesBuildPhase section */

/* Begin PBXFileReference section */
		0A279A92A6F03B028301F81E /* Pods-BasicBroadcast.debug.xcconfig */ = {isa = PBXFileReference; includeInIndex = 1; lastKnownFileType = text.xcconfig; name = "Pods-BasicBroadcast.debug.xcconfig"; path = "Target Support Files/Pods-BasicBroadcast/Pods-BasicBroadcast.debug.xcconfig"; sourceTree = "<group>"; };
		2EA03E05D483F14A3191F33A /* Pods-ScreenCapture.debug.xcconfig */ = {isa = PBXFileReference; includeInIndex = 1; lastKnownFileType = text.xcconfig; name = "Pods-ScreenCapture.debug.xcconfig"; path = "Target Support Files/Pods-ScreenCapture/Pods-ScreenCapture.debug.xcconfig"; sourceTree = "<group>"; };
		312B94BF549B2C2394080537 /* Pods-StagesApp.debug.xcconfig */ = {isa = PBXFileReference; includeInIndex = 1; lastKnownFileType = text.xcconfig; name = "Pods-StagesApp.debug.xcconfig"; path = "Target Support Files/Pods-StagesApp/Pods-StagesApp.debug.xcconfig"; sourceTree = "<group>"; };
		5E4B9DF69F022AB3F19D0667 /* Pods-BasicBroadcast.release.xcconfig */ = {isa = PBXFileReference; includeInIndex = 1; lastKnownFileType = text.xcconfig; name = "Pods-BasicBroadcast.release.xcconfig"; path = "Target Support Files/Pods-BasicBroadcast/Pods-BasicBroadcast.release.xcconfig"; sourceTree = "<group>"; };
		86CCF81F2825B3420081D482 /* LICENSE.Apple.txt */ = {isa = PBXFileReference; fileEncoding = 4; lastKnownFileType = text; path = LICENSE.Apple.txt; sourceTree = "<group>"; };
		86D6D9972819CD48000EF98C /* FilterHelper.swift */ = {isa = PBXFileReference; lastKnownFileType = sourcecode.swift; path = FilterHelper.swift; sourceTree = "<group>"; };
		86EA9E0728060DA100A59209 /* ColorFilterRenderer.swift */ = {isa = PBXFileReference; lastKnownFileType = sourcecode.swift; path = ColorFilterRenderer.swift; sourceTree = "<group>"; };
		91A536620470F577FD7062CB /* Pods-ScreenCapture.release.xcconfig */ = {isa = PBXFileReference; includeInIndex = 1; lastKnownFileType = text.xcconfig; name = "Pods-ScreenCapture.release.xcconfig"; path = "Target Support Files/Pods-ScreenCapture/Pods-ScreenCapture.release.xcconfig"; sourceTree = "<group>"; };
		97AD6CEC40B1754ADA708C86 /* libPods-BasicBroadcast.a */ = {isa = PBXFileReference; explicitFileType = archive.ar; includeInIndex = 0; path = "libPods-BasicBroadcast.a"; sourceTree = BUILT_PRODUCTS_DIR; };
		C23614952AA4B06200C542F8 /* RTCStats.swift */ = {isa = PBXFileReference; lastKnownFileType = sourcecode.swift; path = RTCStats.swift; sourceTree = "<group>"; };
		C296DB442AA102B20046CA11 /* StatsBuilder.swift */ = {isa = PBXFileReference; lastKnownFileType = sourcecode.swift; path = StatsBuilder.swift; sourceTree = "<group>"; };
		DBE51101647D603F51EF2DC4 /* Pods-StagesApp.release.xcconfig */ = {isa = PBXFileReference; includeInIndex = 1; lastKnownFileType = text.xcconfig; name = "Pods-StagesApp.release.xcconfig"; path = "Target Support Files/Pods-StagesApp/Pods-StagesApp.release.xcconfig"; sourceTree = "<group>"; };
		E21AB19670C32EA72E03B71E /* libPods-ScreenCapture.a */ = {isa = PBXFileReference; explicitFileType = archive.ar; includeInIndex = 0; path = "libPods-ScreenCapture.a"; sourceTree = BUILT_PRODUCTS_DIR; };
		EA04C02F278880D300B7F6E4 /* TableViewController.swift */ = {isa = PBXFileReference; lastKnownFileType = sourcecode.swift; path = TableViewController.swift; sourceTree = "<group>"; };
		EA1B1528278CCDA7002DC2E3 /* ShowHideTextField.swift */ = {isa = PBXFileReference; lastKnownFileType = sourcecode.swift; path = ShowHideTextField.swift; sourceTree = "<group>"; };
		EA3D73E7276102D6004DC8CD /* CustomSourcesViewController.swift */ = {isa = PBXFileReference; lastKnownFileType = sourcecode.swift; path = CustomSourcesViewController.swift; sourceTree = "<group>"; };
		EA3D73E9276102DF004DC8CD /* MixerViewController.swift */ = {isa = PBXFileReference; lastKnownFileType = sourcecode.swift; path = MixerViewController.swift; sourceTree = "<group>"; };
		EA3D73EC27611027004DC8CD /* Utils.swift */ = {isa = PBXFileReference; lastKnownFileType = sourcecode.swift; path = Utils.swift; sourceTree = "<group>"; };
		EA3D73EE27611DF9004DC8CD /* ivs.mp4 */ = {isa = PBXFileReference; lastKnownFileType = file; path = ivs.mp4; sourceTree = "<group>"; };
		EA6F46002683660500C7A12C /* BasicBroadcast.entitlements */ = {isa = PBXFileReference; lastKnownFileType = text.plist.entitlements; path = BasicBroadcast.entitlements; sourceTree = "<group>"; };
		EA6F46052683773200C7A12C /* ScreenCapture.appex */ = {isa = PBXFileReference; explicitFileType = "wrapper.app-extension"; includeInIndex = 0; path = ScreenCapture.appex; sourceTree = BUILT_PRODUCTS_DIR; };
		EA6F46062683773200C7A12C /* ReplayKit.framework */ = {isa = PBXFileReference; lastKnownFileType = wrapper.framework; name = ReplayKit.framework; path = System/Library/Frameworks/ReplayKit.framework; sourceTree = SDKROOT; };
		EA6F46092683773200C7A12C /* SampleHandler.swift */ = {isa = PBXFileReference; lastKnownFileType = sourcecode.swift; path = SampleHandler.swift; sourceTree = "<group>"; };
		EA6F460B2683773200C7A12C /* Info.plist */ = {isa = PBXFileReference; lastKnownFileType = text.plist.xml; path = Info.plist; sourceTree = "<group>"; };
		EA6F46142683784F00C7A12C /* AuthItem.swift */ = {isa = PBXFileReference; fileEncoding = 4; lastKnownFileType = sourcecode.swift; path = AuthItem.swift; sourceTree = "<group>"; };
		EA6F46152683784F00C7A12C /* UserDefaultsAuthDao.swift */ = {isa = PBXFileReference; fileEncoding = 4; lastKnownFileType = sourcecode.swift; path = UserDefaultsAuthDao.swift; sourceTree = "<group>"; };
		EA6F46162683784F00C7A12C /* UserDefaultsDao.swift */ = {isa = PBXFileReference; fileEncoding = 4; lastKnownFileType = sourcecode.swift; path = UserDefaultsDao.swift; sourceTree = "<group>"; };
		EA6F461D26838CB300C7A12C /* ScreenCapture.entitlements */ = {isa = PBXFileReference; lastKnownFileType = text.plist.entitlements; path = ScreenCapture.entitlements; sourceTree = "<group>"; };
		EACB225026824C850037FF69 /* BasicBroadcast.app */ = {isa = PBXFileReference; explicitFileType = wrapper.application; includeInIndex = 0; path = BasicBroadcast.app; sourceTree = BUILT_PRODUCTS_DIR; };
		EACB225326824C850037FF69 /* AppDelegate.swift */ = {isa = PBXFileReference; lastKnownFileType = sourcecode.swift; path = AppDelegate.swift; sourceTree = "<group>"; };
		EACB225726824C850037FF69 /* LiveBroadcastViewController.swift */ = {isa = PBXFileReference; lastKnownFileType = sourcecode.swift; path = LiveBroadcastViewController.swift; sourceTree = "<group>"; };
		EACB225A26824C850037FF69 /* Base */ = {isa = PBXFileReference; lastKnownFileType = file.storyboard; name = Base; path = Base.lproj/Main.storyboard; sourceTree = "<group>"; };
		EACB225C26824C860037FF69 /* Assets.xcassets */ = {isa = PBXFileReference; lastKnownFileType = folder.assetcatalog; path = Assets.xcassets; sourceTree = "<group>"; };
		EACB225F26824C860037FF69 /* Base */ = {isa = PBXFileReference; lastKnownFileType = file.storyboard; name = Base; path = Base.lproj/LaunchScreen.storyboard; sourceTree = "<group>"; };
		EACB226126824C860037FF69 /* Info.plist */ = {isa = PBXFileReference; lastKnownFileType = text.plist.xml; path = Info.plist; sourceTree = "<group>"; };
		F8CD98C529B8D77D00F43D0E /* StagesApp.app */ = {isa = PBXFileReference; explicitFileType = wrapper.application; includeInIndex = 0; path = StagesApp.app; sourceTree = BUILT_PRODUCTS_DIR; };
		F8CD98DA29B8D7BD00F43D0E /* StageViewController.swift */ = {isa = PBXFileReference; fileEncoding = 4; lastKnownFileType = sourcecode.swift; path = StageViewController.swift; sourceTree = "<group>"; };
		F8CD98DC29B8D7BD00F43D0E /* StageLayoutCalculator.swift */ = {isa = PBXFileReference; fileEncoding = 4; lastKnownFileType = sourcecode.swift; path = StageLayoutCalculator.swift; sourceTree = "<group>"; };
		F8CD98DD29B8D7BD00F43D0E /* ParticipantCollectionViewLayout.swift */ = {isa = PBXFileReference; fileEncoding = 4; lastKnownFileType = sourcecode.swift; path = ParticipantCollectionViewLayout.swift; sourceTree = "<group>"; };
		F8CD98DE29B8D7BD00F43D0E /* Utils.swift */ = {isa = PBXFileReference; fileEncoding = 4; lastKnownFileType = sourcecode.swift; path = Utils.swift; sourceTree = "<group>"; };
		F8CD98DF29B8D7BD00F43D0E /* Observable.swift */ = {isa = PBXFileReference; fileEncoding = 4; lastKnownFileType = sourcecode.swift; path = Observable.swift; sourceTree = "<group>"; };
		F8CD98E129B8D7BD00F43D0E /* ParticipantCollectionViewCell.swift */ = {isa = PBXFileReference; fileEncoding = 4; lastKnownFileType = sourcecode.swift; path = ParticipantCollectionViewCell.swift; sourceTree = "<group>"; };
		F8CD98E229B8D7BD00F43D0E /* ParticipantCollectionViewCell.xib */ = {isa = PBXFileReference; fileEncoding = 4; lastKnownFileType = file.xib; path = ParticipantCollectionViewCell.xib; sourceTree = "<group>"; };
		F8CD98E429B8D7BD00F43D0E /* ParticipantData.swift */ = {isa = PBXFileReference; fileEncoding = 4; lastKnownFileType = sourcecode.swift; path = ParticipantData.swift; sourceTree = "<group>"; };
		F8CD98E529B8D7BD00F43D0E /* StageViewModel.swift */ = {isa = PBXFileReference; fileEncoding = 4; lastKnownFileType = sourcecode.swift; path = StageViewModel.swift; sourceTree = "<group>"; };
		F8CD98E629B8D7BD00F43D0E /* Info.plist */ = {isa = PBXFileReference; fileEncoding = 4; lastKnownFileType = text.plist.xml; path = Info.plist; sourceTree = "<group>"; };
		F8CD98E729B8D7BD00F43D0E /* AppDelegate.swift */ = {isa = PBXFileReference; fileEncoding = 4; lastKnownFileType = sourcecode.swift; path = AppDelegate.swift; sourceTree = "<group>"; };
		F8CD98E829B8D7BD00F43D0E /* Main.storyboard */ = {isa = PBXFileReference; fileEncoding = 4; lastKnownFileType = file.storyboard; path = Main.storyboard; sourceTree = "<group>"; };
		F8CD98E929B8D7BD00F43D0E /* LaunchScreen.storyboard */ = {isa = PBXFileReference; fileEncoding = 4; lastKnownFileType = file.storyboard; path = LaunchScreen.storyboard; sourceTree = "<group>"; };
		F8CD98EA29B8D7BD00F43D0E /* Assets.xcassets */ = {isa = PBXFileReference; lastKnownFileType = folder.assetcatalog; path = Assets.xcassets; sourceTree = "<group>"; };
		FDC03E3A0024E69E7E30996B /* libPods-StagesApp.a */ = {isa = PBXFileReference; explicitFileType = archive.ar; includeInIndex = 0; path = "libPods-StagesApp.a"; sourceTree = BUILT_PRODUCTS_DIR; };
/* End PBXFileReference section */

/* Begin PBXFrameworksBuildPhase section */
		EA6F46022683773200C7A12C /* Frameworks */ = {
			isa = PBXFrameworksBuildPhase;
			buildActionMask = 2147483647;
			files = (
				EA6F46072683773200C7A12C /* ReplayKit.framework in Frameworks */,
				B54DBD5A9E097A779373CE7E /* libPods-ScreenCapture.a in Frameworks */,
			);
			runOnlyForDeploymentPostprocessing = 0;
		};
		EACB224D26824C850037FF69 /* Frameworks */ = {
			isa = PBXFrameworksBuildPhase;
			buildActionMask = 2147483647;
			files = (
				D919EB6E97675389822EB4CB /* libPods-BasicBroadcast.a in Frameworks */,
			);
			runOnlyForDeploymentPostprocessing = 0;
		};
		F8CD98C229B8D77D00F43D0E /* Frameworks */ = {
			isa = PBXFrameworksBuildPhase;
			buildActionMask = 2147483647;
			files = (
				82A29F17BB97BEC42D0F6595 /* libPods-StagesApp.a in Frameworks */,
			);
			runOnlyForDeploymentPostprocessing = 0;
		};
/* End PBXFrameworksBuildPhase section */

/* Begin PBXGroup section */
		7C672689749A8FE4B0C6B7F0 /* Pods */ = {
			isa = PBXGroup;
			children = (
				0A279A92A6F03B028301F81E /* Pods-BasicBroadcast.debug.xcconfig */,
				5E4B9DF69F022AB3F19D0667 /* Pods-BasicBroadcast.release.xcconfig */,
				2EA03E05D483F14A3191F33A /* Pods-ScreenCapture.debug.xcconfig */,
				91A536620470F577FD7062CB /* Pods-ScreenCapture.release.xcconfig */,
				312B94BF549B2C2394080537 /* Pods-StagesApp.debug.xcconfig */,
				DBE51101647D603F51EF2DC4 /* Pods-StagesApp.release.xcconfig */,
			);
			path = Pods;
			sourceTree = "<group>";
		};
		86EA9E0428060D6200A59209 /* Filter */ = {
			isa = PBXGroup;
			children = (
				86CCF81F2825B3420081D482 /* LICENSE.Apple.txt */,
				86EA9E0728060DA100A59209 /* ColorFilterRenderer.swift */,
				86D6D9972819CD48000EF98C /* FilterHelper.swift */,
			);
			path = Filter;
			sourceTree = "<group>";
		};
		96497433203DC2DB0702754B /* Frameworks */ = {
			isa = PBXGroup;
			children = (
				EA6F46062683773200C7A12C /* ReplayKit.framework */,
				97AD6CEC40B1754ADA708C86 /* libPods-BasicBroadcast.a */,
				E21AB19670C32EA72E03B71E /* libPods-ScreenCapture.a */,
				FDC03E3A0024E69E7E30996B /* libPods-StagesApp.a */,
			);
			name = Frameworks;
			sourceTree = "<group>";
		};
		EA3D73EB2761037E004DC8CD /* ViewControllers */ = {
			isa = PBXGroup;
			children = (
				EA3D73E7276102D6004DC8CD /* CustomSourcesViewController.swift */,
				EACB225726824C850037FF69 /* LiveBroadcastViewController.swift */,
				EA3D73E9276102DF004DC8CD /* MixerViewController.swift */,
				EA04C02F278880D300B7F6E4 /* TableViewController.swift */,
			);
			path = ViewControllers;
			sourceTree = "<group>";
		};
		EA6F46082683773200C7A12C /* ScreenCapture */ = {
			isa = PBXGroup;
			children = (
				EA6F461D26838CB300C7A12C /* ScreenCapture.entitlements */,
				EA6F46092683773200C7A12C /* SampleHandler.swift */,
				EA6F460B2683773200C7A12C /* Info.plist */,
			);
			path = ScreenCapture;
			sourceTree = "<group>";
		};
		EA6F46132683781F00C7A12C /* Storage */ = {
			isa = PBXGroup;
			children = (
				EA6F46142683784F00C7A12C /* AuthItem.swift */,
				EA6F46152683784F00C7A12C /* UserDefaultsAuthDao.swift */,
				EA6F46162683784F00C7A12C /* UserDefaultsDao.swift */,
			);
			path = Storage;
			sourceTree = "<group>";
		};
		EACB224726824C850037FF69 = {
			isa = PBXGroup;
			children = (
				EACB225226824C850037FF69 /* BasicBroadcast */,
				EA6F46082683773200C7A12C /* ScreenCapture */,
				F8CD98C629B8D77D00F43D0E /* StagesApp */,
				EACB225126824C850037FF69 /* Products */,
				7C672689749A8FE4B0C6B7F0 /* Pods */,
				96497433203DC2DB0702754B /* Frameworks */,
			);
			sourceTree = "<group>";
		};
		EACB225126824C850037FF69 /* Products */ = {
			isa = PBXGroup;
			children = (
				EACB225026824C850037FF69 /* BasicBroadcast.app */,
				EA6F46052683773200C7A12C /* ScreenCapture.appex */,
				F8CD98C529B8D77D00F43D0E /* StagesApp.app */,
			);
			name = Products;
			sourceTree = "<group>";
		};
		EACB225226824C850037FF69 /* BasicBroadcast */ = {
			isa = PBXGroup;
			children = (
				86EA9E0428060D6200A59209 /* Filter */,
				EA6F46132683781F00C7A12C /* Storage */,
				EA3D73EB2761037E004DC8CD /* ViewControllers */,
				EACB225326824C850037FF69 /* AppDelegate.swift */,
				EACB225C26824C860037FF69 /* Assets.xcassets */,
				EA6F46002683660500C7A12C /* BasicBroadcast.entitlements */,
				EACB226126824C860037FF69 /* Info.plist */,
				EA3D73EE27611DF9004DC8CD /* ivs.mp4 */,
				EACB225E26824C860037FF69 /* LaunchScreen.storyboard */,
				EACB225926824C850037FF69 /* Main.storyboard */,
				EA1B1528278CCDA7002DC2E3 /* ShowHideTextField.swift */,
				EA3D73EC27611027004DC8CD /* Utils.swift */,
			);
			path = BasicBroadcast;
			sourceTree = "<group>";
		};
		F8CD98C629B8D77D00F43D0E /* StagesApp */ = {
			isa = PBXGroup;
			children = (
				F8CD98E729B8D7BD00F43D0E /* AppDelegate.swift */,
				F8CD98EA29B8D7BD00F43D0E /* Assets.xcassets */,
				F8CD98E629B8D7BD00F43D0E /* Info.plist */,
				F8CD98E929B8D7BD00F43D0E /* LaunchScreen.storyboard */,
				F8CD98E829B8D7BD00F43D0E /* Main.storyboard */,
				F8CD98E329B8D7BD00F43D0E /* Models */,
				F8CD98DA29B8D7BD00F43D0E /* StageViewController.swift */,
				F8CD98DB29B8D7BD00F43D0E /* Utilities */,
				F8CD98E029B8D7BD00F43D0E /* Views */,
			);
			path = StagesApp;
			sourceTree = "<group>";
		};
		F8CD98DB29B8D7BD00F43D0E /* Utilities */ = {
			isa = PBXGroup;
			children = (
				F8CD98DC29B8D7BD00F43D0E /* StageLayoutCalculator.swift */,
				F8CD98DD29B8D7BD00F43D0E /* ParticipantCollectionViewLayout.swift */,
				F8CD98DE29B8D7BD00F43D0E /* Utils.swift */,
				F8CD98DF29B8D7BD00F43D0E /* Observable.swift */,
				C296DB442AA102B20046CA11 /* StatsBuilder.swift */,
				C23614952AA4B06200C542F8 /* RTCStats.swift */,
			);
			path = Utilities;
			sourceTree = "<group>";
		};
		F8CD98E029B8D7BD00F43D0E /* Views */ = {
			isa = PBXGroup;
			children = (
				F8CD98E129B8D7BD00F43D0E /* ParticipantCollectionViewCell.swift */,
				F8CD98E229B8D7BD00F43D0E /* ParticipantCollectionViewCell.xib */,
			);
			path = Views;
			sourceTree = "<group>";
		};
		F8CD98E329B8D7BD00F43D0E /* Models */ = {
			isa = PBXGroup;
			children = (
				F8CD98E429B8D7BD00F43D0E /* ParticipantData.swift */,
				F8CD98E529B8D7BD00F43D0E /* StageViewModel.swift */,
			);
			path = Models;
			sourceTree = "<group>";
		};
/* End PBXGroup section */

/* Begin PBXNativeTarget section */
		EA6F46042683773200C7A12C /* ScreenCapture */ = {
			isa = PBXNativeTarget;
			buildConfigurationList = EA6F460F2683773200C7A12C /* Build configuration list for PBXNativeTarget "ScreenCapture" */;
			buildPhases = (
				09EDE96D6EB1B81588734BD7 /* [CP] Check Pods Manifest.lock */,
				EA6F46012683773200C7A12C /* Sources */,
				EA6F46022683773200C7A12C /* Frameworks */,
				EA6F46032683773200C7A12C /* Resources */,
			);
			buildRules = (
			);
			dependencies = (
			);
			name = ScreenCapture;
			productName = ScreenCapture;
			productReference = EA6F46052683773200C7A12C /* ScreenCapture.appex */;
			productType = "com.apple.product-type.app-extension";
		};
		EACB224F26824C850037FF69 /* BasicBroadcast */ = {
			isa = PBXNativeTarget;
			buildConfigurationList = EACB226426824C860037FF69 /* Build configuration list for PBXNativeTarget "BasicBroadcast" */;
			buildPhases = (
				92419A9A1F86F13366C77DB7 /* [CP] Check Pods Manifest.lock */,
				EACB224C26824C850037FF69 /* Sources */,
				EACB224D26824C850037FF69 /* Frameworks */,
				EACB224E26824C850037FF69 /* Resources */,
				EA6F46122683773200C7A12C /* Embed App Extensions */,
				E4E087FFBE8A91C3412019FB /* [CP] Embed Pods Frameworks */,
			);
			buildRules = (
			);
			dependencies = (
				EA6F460D2683773200C7A12C /* PBXTargetDependency */,
			);
			name = BasicBroadcast;
			productName = BasicBroadcast;
			productReference = EACB225026824C850037FF69 /* BasicBroadcast.app */;
			productType = "com.apple.product-type.application";
		};
		F8CD98C429B8D77D00F43D0E /* StagesApp */ = {
			isa = PBXNativeTarget;
			buildConfigurationList = F8CD98D829B8D77F00F43D0E /* Build configuration list for PBXNativeTarget "StagesApp" */;
			buildPhases = (
				D66362826D315070A71BA7A1 /* [CP] Check Pods Manifest.lock */,
				F8CD98C129B8D77D00F43D0E /* Sources */,
				F8CD98C229B8D77D00F43D0E /* Frameworks */,
				F8CD98C329B8D77D00F43D0E /* Resources */,
				C2F0A6DBA98C96CE8CB98D79 /* [CP] Embed Pods Frameworks */,
			);
			buildRules = (
			);
			dependencies = (
			);
			name = StagesApp;
			productName = StagesApp;
			productReference = F8CD98C529B8D77D00F43D0E /* StagesApp.app */;
			productType = "com.apple.product-type.application";
		};
/* End PBXNativeTarget section */

/* Begin PBXProject section */
		EACB224826824C850037FF69 /* Project object */ = {
			isa = PBXProject;
			attributes = {
				LastSwiftUpdateCheck = 1420;
				LastUpgradeCheck = 1250;
				TargetAttributes = {
					EA6F46042683773200C7A12C = {
						CreatedOnToolsVersion = 12.5;
					};
					EACB224F26824C850037FF69 = {
						CreatedOnToolsVersion = 12.5;
					};
					F8CD98C429B8D77D00F43D0E = {
						CreatedOnToolsVersion = 14.2;
						LastSwiftMigration = 1420;
					};
				};
			};
			buildConfigurationList = EACB224B26824C850037FF69 /* Build configuration list for PBXProject "BasicBroadcast" */;
			compatibilityVersion = "Xcode 9.3";
			developmentRegion = en;
			hasScannedForEncodings = 0;
			knownRegions = (
				en,
				Base,
			);
			mainGroup = EACB224726824C850037FF69;
			productRefGroup = EACB225126824C850037FF69 /* Products */;
			projectDirPath = "";
			projectRoot = "";
			targets = (
				EACB224F26824C850037FF69 /* BasicBroadcast */,
				EA6F46042683773200C7A12C /* ScreenCapture */,
				F8CD98C429B8D77D00F43D0E /* StagesApp */,
			);
		};
/* End PBXProject section */

/* Begin PBXResourcesBuildPhase section */
		EA6F46032683773200C7A12C /* Resources */ = {
			isa = PBXResourcesBuildPhase;
			buildActionMask = 2147483647;
			files = (
			);
			runOnlyForDeploymentPostprocessing = 0;
		};
		EACB224E26824C850037FF69 /* Resources */ = {
			isa = PBXResourcesBuildPhase;
			buildActionMask = 2147483647;
			files = (
				EA3D73EF27611DF9004DC8CD /* ivs.mp4 in Resources */,
				EACB226026824C860037FF69 /* LaunchScreen.storyboard in Resources */,
				EACB225D26824C860037FF69 /* Assets.xcassets in Resources */,
				86CCF8202825B3420081D482 /* LICENSE.Apple.txt in Resources */,
				EACB225B26824C850037FF69 /* Main.storyboard in Resources */,
			);
			runOnlyForDeploymentPostprocessing = 0;
		};
		F8CD98C329B8D77D00F43D0E /* Resources */ = {
			isa = PBXResourcesBuildPhase;
			buildActionMask = 2147483647;
			files = (
				F8CD98F729B8D7BD00F43D0E /* Main.storyboard in Resources */,
				F8CD98F829B8D7BD00F43D0E /* LaunchScreen.storyboard in Resources */,
				F8CD98F229B8D7BD00F43D0E /* ParticipantCollectionViewCell.xib in Resources */,
				F8CD98F929B8D7BD00F43D0E /* Assets.xcassets in Resources */,
			);
			runOnlyForDeploymentPostprocessing = 0;
		};
/* End PBXResourcesBuildPhase section */

/* Begin PBXShellScriptBuildPhase section */
		09EDE96D6EB1B81588734BD7 /* [CP] Check Pods Manifest.lock */ = {
			isa = PBXShellScriptBuildPhase;
			buildActionMask = 2147483647;
			files = (
			);
			inputFileListPaths = (
			);
			inputPaths = (
				"${PODS_PODFILE_DIR_PATH}/Podfile.lock",
				"${PODS_ROOT}/Manifest.lock",
			);
			name = "[CP] Check Pods Manifest.lock";
			outputFileListPaths = (
			);
			outputPaths = (
				"$(DERIVED_FILE_DIR)/Pods-ScreenCapture-checkManifestLockResult.txt",
			);
			runOnlyForDeploymentPostprocessing = 0;
			shellPath = /bin/sh;
			shellScript = "diff \"${PODS_PODFILE_DIR_PATH}/Podfile.lock\" \"${PODS_ROOT}/Manifest.lock\" > /dev/null\nif [ $? != 0 ] ; then\n    # print error to STDERR\n    echo \"error: The sandbox is not in sync with the Podfile.lock. Run 'pod install' or update your CocoaPods installation.\" >&2\n    exit 1\nfi\n# This output is used by Xcode 'outputs' to avoid re-running this script phase.\necho \"SUCCESS\" > \"${SCRIPT_OUTPUT_FILE_0}\"\n";
			showEnvVarsInLog = 0;
		};
		92419A9A1F86F13366C77DB7 /* [CP] Check Pods Manifest.lock */ = {
			isa = PBXShellScriptBuildPhase;
			buildActionMask = 2147483647;
			files = (
			);
			inputFileListPaths = (
			);
			inputPaths = (
				"${PODS_PODFILE_DIR_PATH}/Podfile.lock",
				"${PODS_ROOT}/Manifest.lock",
			);
			name = "[CP] Check Pods Manifest.lock";
			outputFileListPaths = (
			);
			outputPaths = (
				"$(DERIVED_FILE_DIR)/Pods-BasicBroadcast-checkManifestLockResult.txt",
			);
			runOnlyForDeploymentPostprocessing = 0;
			shellPath = /bin/sh;
			shellScript = "diff \"${PODS_PODFILE_DIR_PATH}/Podfile.lock\" \"${PODS_ROOT}/Manifest.lock\" > /dev/null\nif [ $? != 0 ] ; then\n    # print error to STDERR\n    echo \"error: The sandbox is not in sync with the Podfile.lock. Run 'pod install' or update your CocoaPods installation.\" >&2\n    exit 1\nfi\n# This output is used by Xcode 'outputs' to avoid re-running this script phase.\necho \"SUCCESS\" > \"${SCRIPT_OUTPUT_FILE_0}\"\n";
			showEnvVarsInLog = 0;
		};
		C2F0A6DBA98C96CE8CB98D79 /* [CP] Embed Pods Frameworks */ = {
			isa = PBXShellScriptBuildPhase;
			buildActionMask = 2147483647;
			files = (
			);
			inputFileListPaths = (
				"${PODS_ROOT}/Target Support Files/Pods-StagesApp/Pods-StagesApp-frameworks-${CONFIGURATION}-input-files.xcfilelist",
			);
			name = "[CP] Embed Pods Frameworks";
			outputFileListPaths = (
				"${PODS_ROOT}/Target Support Files/Pods-StagesApp/Pods-StagesApp-frameworks-${CONFIGURATION}-output-files.xcfilelist",
			);
			runOnlyForDeploymentPostprocessing = 0;
			shellPath = /bin/sh;
			shellScript = "\"${PODS_ROOT}/Target Support Files/Pods-StagesApp/Pods-StagesApp-frameworks.sh\"\n";
			showEnvVarsInLog = 0;
		};
		D66362826D315070A71BA7A1 /* [CP] Check Pods Manifest.lock */ = {
			isa = PBXShellScriptBuildPhase;
			buildActionMask = 2147483647;
			files = (
			);
			inputFileListPaths = (
			);
			inputPaths = (
				"${PODS_PODFILE_DIR_PATH}/Podfile.lock",
				"${PODS_ROOT}/Manifest.lock",
			);
			name = "[CP] Check Pods Manifest.lock";
			outputFileListPaths = (
			);
			outputPaths = (
				"$(DERIVED_FILE_DIR)/Pods-StagesApp-checkManifestLockResult.txt",
			);
			runOnlyForDeploymentPostprocessing = 0;
			shellPath = /bin/sh;
			shellScript = "diff \"${PODS_PODFILE_DIR_PATH}/Podfile.lock\" \"${PODS_ROOT}/Manifest.lock\" > /dev/null\nif [ $? != 0 ] ; then\n    # print error to STDERR\n    echo \"error: The sandbox is not in sync with the Podfile.lock. Run 'pod install' or update your CocoaPods installation.\" >&2\n    exit 1\nfi\n# This output is used by Xcode 'outputs' to avoid re-running this script phase.\necho \"SUCCESS\" > \"${SCRIPT_OUTPUT_FILE_0}\"\n";
			showEnvVarsInLog = 0;
		};
		E4E087FFBE8A91C3412019FB /* [CP] Embed Pods Frameworks */ = {
			isa = PBXShellScriptBuildPhase;
			buildActionMask = 2147483647;
			files = (
			);
			inputFileListPaths = (
				"${PODS_ROOT}/Target Support Files/Pods-BasicBroadcast/Pods-BasicBroadcast-frameworks-${CONFIGURATION}-input-files.xcfilelist",
			);
			name = "[CP] Embed Pods Frameworks";
			outputFileListPaths = (
				"${PODS_ROOT}/Target Support Files/Pods-BasicBroadcast/Pods-BasicBroadcast-frameworks-${CONFIGURATION}-output-files.xcfilelist",
			);
			runOnlyForDeploymentPostprocessing = 0;
			shellPath = /bin/sh;
			shellScript = "\"${PODS_ROOT}/Target Support Files/Pods-BasicBroadcast/Pods-BasicBroadcast-frameworks.sh\"\n";
			showEnvVarsInLog = 0;
		};
/* End PBXShellScriptBuildPhase section */

/* Begin PBXSourcesBuildPhase section */
		EA6F46012683773200C7A12C /* Sources */ = {
			isa = PBXSourcesBuildPhase;
			buildActionMask = 2147483647;
			files = (
				EA6F46182683784F00C7A12C /* AuthItem.swift in Sources */,
				EA6F460A2683773200C7A12C /* SampleHandler.swift in Sources */,
				EA6F461A2683784F00C7A12C /* UserDefaultsAuthDao.swift in Sources */,
				EA6F461C2683784F00C7A12C /* UserDefaultsDao.swift in Sources */,
			);
			runOnlyForDeploymentPostprocessing = 0;
		};
		EACB224C26824C850037FF69 /* Sources */ = {
			isa = PBXSourcesBuildPhase;
			buildActionMask = 2147483647;
			files = (
				EACB225826824C850037FF69 /* LiveBroadcastViewController.swift in Sources */,
				EACB225426824C850037FF69 /* AppDelegate.swift in Sources */,
				EA6F46172683784F00C7A12C /* AuthItem.swift in Sources */,
				EA04C030278880D300B7F6E4 /* TableViewController.swift in Sources */,
				EA1B1529278CCDA7002DC2E3 /* ShowHideTextField.swift in Sources */,
				EA3D73EA276102DF004DC8CD /* MixerViewController.swift in Sources */,
				EA6F461B2683784F00C7A12C /* UserDefaultsDao.swift in Sources */,
				86EA9E0828060DA100A59209 /* ColorFilterRenderer.swift in Sources */,
				EA3D73E8276102D6004DC8CD /* CustomSourcesViewController.swift in Sources */,
				EA6F46192683784F00C7A12C /* UserDefaultsAuthDao.swift in Sources */,
				EA3D73ED27611027004DC8CD /* Utils.swift in Sources */,
				86D6D9982819CD48000EF98C /* FilterHelper.swift in Sources */,
			);
			runOnlyForDeploymentPostprocessing = 0;
		};
		F8CD98C129B8D77D00F43D0E /* Sources */ = {
			isa = PBXSourcesBuildPhase;
			buildActionMask = 2147483647;
			files = (
				C23614962AA4B06200C542F8 /* RTCStats.swift in Sources */,
				F8CD98EF29B8D7BD00F43D0E /* Utils.swift in Sources */,
				F8CD98F329B8D7BD00F43D0E /* ParticipantData.swift in Sources */,
				F8CD98EE29B8D7BD00F43D0E /* ParticipantCollectionViewLayout.swift in Sources */,
				F8CD98ED29B8D7BD00F43D0E /* StageLayoutCalculator.swift in Sources */,
				F8CD98F029B8D7BD00F43D0E /* Observable.swift in Sources */,
				C296DB452AA102B20046CA11 /* StatsBuilder.swift in Sources */,
				F8CD98F129B8D7BD00F43D0E /* ParticipantCollectionViewCell.swift in Sources */,
				F8CD98F429B8D7BD00F43D0E /* StageViewModel.swift in Sources */,
				F8CD98F629B8D7BD00F43D0E /* AppDelegate.swift in Sources */,
				F8CD98EC29B8D7BD00F43D0E /* StageViewController.swift in Sources */,
			);
			runOnlyForDeploymentPostprocessing = 0;
		};
/* End PBXSourcesBuildPhase section */

/* Begin PBXTargetDependency section */
		EA6F460D2683773200C7A12C /* PBXTargetDependency */ = {
			isa = PBXTargetDependency;
			target = EA6F46042683773200C7A12C /* ScreenCapture */;
			targetProxy = EA6F460C2683773200C7A12C /* PBXContainerItemProxy */;
		};
/* End PBXTargetDependency section */

/* Begin PBXVariantGroup section */
		EACB225926824C850037FF69 /* Main.storyboard */ = {
			isa = PBXVariantGroup;
			children = (
				EACB225A26824C850037FF69 /* Base */,
			);
			name = Main.storyboard;
			sourceTree = "<group>";
		};
		EACB225E26824C860037FF69 /* LaunchScreen.storyboard */ = {
			isa = PBXVariantGroup;
			children = (
				EACB225F26824C860037FF69 /* Base */,
			);
			name = LaunchScreen.storyboard;
			sourceTree = "<group>";
		};
/* End PBXVariantGroup section */

/* Begin XCBuildConfiguration section */
		EA6F46102683773200C7A12C /* Debug */ = {
			isa = XCBuildConfiguration;
			baseConfigurationReference = 2EA03E05D483F14A3191F33A /* Pods-ScreenCapture.debug.xcconfig */;
			buildSettings = {
				CODE_SIGN_ENTITLEMENTS = ScreenCapture/ScreenCapture.entitlements;
				CODE_SIGN_STYLE = Automatic;
				INFOPLIST_FILE = ScreenCapture/Info.plist;
				LD_RUNPATH_SEARCH_PATHS = (
					"$(inherited)",
					"@executable_path/Frameworks",
					"@executable_path/../../Frameworks",
				);
				PRODUCT_BUNDLE_IDENTIFIER = "com.example.amazon-samplecode.BasicBroadcast.ScreenCapture";
				PRODUCT_NAME = "$(TARGET_NAME)";
				SKIP_INSTALL = YES;
				SWIFT_VERSION = 5.0;
				TARGETED_DEVICE_FAMILY = "1,2";
			};
			name = Debug;
		};
		EA6F46112683773200C7A12C /* Release */ = {
			isa = XCBuildConfiguration;
			baseConfigurationReference = 91A536620470F577FD7062CB /* Pods-ScreenCapture.release.xcconfig */;
			buildSettings = {
				CODE_SIGN_ENTITLEMENTS = ScreenCapture/ScreenCapture.entitlements;
				CODE_SIGN_STYLE = Automatic;
				INFOPLIST_FILE = ScreenCapture/Info.plist;
				LD_RUNPATH_SEARCH_PATHS = (
					"$(inherited)",
					"@executable_path/Frameworks",
					"@executable_path/../../Frameworks",
				);
				PRODUCT_BUNDLE_IDENTIFIER = "com.example.amazon-samplecode.BasicBroadcast.ScreenCapture";
				PRODUCT_NAME = "$(TARGET_NAME)";
				SKIP_INSTALL = YES;
				SWIFT_VERSION = 5.0;
				TARGETED_DEVICE_FAMILY = "1,2";
			};
			name = Release;
		};
		EACB226226824C860037FF69 /* Debug */ = {
			isa = XCBuildConfiguration;
			buildSettings = {
				ALWAYS_SEARCH_USER_PATHS = NO;
				CLANG_ANALYZER_NONNULL = YES;
				CLANG_ANALYZER_NUMBER_OBJECT_CONVERSION = YES_AGGRESSIVE;
				CLANG_CXX_LANGUAGE_STANDARD = "gnu++14";
				CLANG_CXX_LIBRARY = "libc++";
				CLANG_ENABLE_MODULES = YES;
				CLANG_ENABLE_OBJC_ARC = YES;
				CLANG_ENABLE_OBJC_WEAK = YES;
				CLANG_WARN_BLOCK_CAPTURE_AUTORELEASING = YES;
				CLANG_WARN_BOOL_CONVERSION = YES;
				CLANG_WARN_COMMA = YES;
				CLANG_WARN_CONSTANT_CONVERSION = YES;
				CLANG_WARN_DEPRECATED_OBJC_IMPLEMENTATIONS = YES;
				CLANG_WARN_DIRECT_OBJC_ISA_USAGE = YES_ERROR;
				CLANG_WARN_DOCUMENTATION_COMMENTS = YES;
				CLANG_WARN_EMPTY_BODY = YES;
				CLANG_WARN_ENUM_CONVERSION = YES;
				CLANG_WARN_INFINITE_RECURSION = YES;
				CLANG_WARN_INT_CONVERSION = YES;
				CLANG_WARN_NON_LITERAL_NULL_CONVERSION = YES;
				CLANG_WARN_OBJC_IMPLICIT_RETAIN_SELF = YES;
				CLANG_WARN_OBJC_LITERAL_CONVERSION = YES;
				CLANG_WARN_OBJC_ROOT_CLASS = YES_ERROR;
				CLANG_WARN_QUOTED_INCLUDE_IN_FRAMEWORK_HEADER = YES;
				CLANG_WARN_RANGE_LOOP_ANALYSIS = YES;
				CLANG_WARN_STRICT_PROTOTYPES = YES;
				CLANG_WARN_SUSPICIOUS_MOVE = YES;
				CLANG_WARN_UNGUARDED_AVAILABILITY = YES_AGGRESSIVE;
				CLANG_WARN_UNREACHABLE_CODE = YES;
				CLANG_WARN__DUPLICATE_METHOD_MATCH = YES;
				COPY_PHASE_STRIP = NO;
				DEBUG_INFORMATION_FORMAT = dwarf;
				ENABLE_STRICT_OBJC_MSGSEND = YES;
				ENABLE_TESTABILITY = YES;
				GCC_C_LANGUAGE_STANDARD = gnu11;
				GCC_DYNAMIC_NO_PIC = NO;
				GCC_NO_COMMON_BLOCKS = YES;
				GCC_OPTIMIZATION_LEVEL = 0;
				GCC_PREPROCESSOR_DEFINITIONS = (
					"DEBUG=1",
					"$(inherited)",
				);
				GCC_WARN_64_TO_32_BIT_CONVERSION = YES;
				GCC_WARN_ABOUT_RETURN_TYPE = YES_ERROR;
				GCC_WARN_UNDECLARED_SELECTOR = YES;
				GCC_WARN_UNINITIALIZED_AUTOS = YES_AGGRESSIVE;
				GCC_WARN_UNUSED_FUNCTION = YES;
				GCC_WARN_UNUSED_VARIABLE = YES;
				IPHONEOS_DEPLOYMENT_TARGET = 12.0;
				MTL_ENABLE_DEBUG_INFO = INCLUDE_SOURCE;
				MTL_FAST_MATH = YES;
				ONLY_ACTIVE_ARCH = YES;
				SDKROOT = iphoneos;
				SWIFT_ACTIVE_COMPILATION_CONDITIONS = DEBUG;
				SWIFT_OPTIMIZATION_LEVEL = "-Onone";
			};
			name = Debug;
		};
		EACB226326824C860037FF69 /* Release */ = {
			isa = XCBuildConfiguration;
			buildSettings = {
				ALWAYS_SEARCH_USER_PATHS = NO;
				CLANG_ANALYZER_NONNULL = YES;
				CLANG_ANALYZER_NUMBER_OBJECT_CONVERSION = YES_AGGRESSIVE;
				CLANG_CXX_LANGUAGE_STANDARD = "gnu++14";
				CLANG_CXX_LIBRARY = "libc++";
				CLANG_ENABLE_MODULES = YES;
				CLANG_ENABLE_OBJC_ARC = YES;
				CLANG_ENABLE_OBJC_WEAK = YES;
				CLANG_WARN_BLOCK_CAPTURE_AUTORELEASING = YES;
				CLANG_WARN_BOOL_CONVERSION = YES;
				CLANG_WARN_COMMA = YES;
				CLANG_WARN_CONSTANT_CONVERSION = YES;
				CLANG_WARN_DEPRECATED_OBJC_IMPLEMENTATIONS = YES;
				CLANG_WARN_DIRECT_OBJC_ISA_USAGE = YES_ERROR;
				CLANG_WARN_DOCUMENTATION_COMMENTS = YES;
				CLANG_WARN_EMPTY_BODY = YES;
				CLANG_WARN_ENUM_CONVERSION = YES;
				CLANG_WARN_INFINITE_RECURSION = YES;
				CLANG_WARN_INT_CONVERSION = YES;
				CLANG_WARN_NON_LITERAL_NULL_CONVERSION = YES;
				CLANG_WARN_OBJC_IMPLICIT_RETAIN_SELF = YES;
				CLANG_WARN_OBJC_LITERAL_CONVERSION = YES;
				CLANG_WARN_OBJC_ROOT_CLASS = YES_ERROR;
				CLANG_WARN_QUOTED_INCLUDE_IN_FRAMEWORK_HEADER = YES;
				CLANG_WARN_RANGE_LOOP_ANALYSIS = YES;
				CLANG_WARN_STRICT_PROTOTYPES = YES;
				CLANG_WARN_SUSPICIOUS_MOVE = YES;
				CLANG_WARN_UNGUARDED_AVAILABILITY = YES_AGGRESSIVE;
				CLANG_WARN_UNREACHABLE_CODE = YES;
				CLANG_WARN__DUPLICATE_METHOD_MATCH = YES;
				COPY_PHASE_STRIP = NO;
				DEBUG_INFORMATION_FORMAT = "dwarf-with-dsym";
				ENABLE_NS_ASSERTIONS = NO;
				ENABLE_STRICT_OBJC_MSGSEND = YES;
				GCC_C_LANGUAGE_STANDARD = gnu11;
				GCC_NO_COMMON_BLOCKS = YES;
				GCC_WARN_64_TO_32_BIT_CONVERSION = YES;
				GCC_WARN_ABOUT_RETURN_TYPE = YES_ERROR;
				GCC_WARN_UNDECLARED_SELECTOR = YES;
				GCC_WARN_UNINITIALIZED_AUTOS = YES_AGGRESSIVE;
				GCC_WARN_UNUSED_FUNCTION = YES;
				GCC_WARN_UNUSED_VARIABLE = YES;
				IPHONEOS_DEPLOYMENT_TARGET = 12.0;
				MTL_ENABLE_DEBUG_INFO = NO;
				MTL_FAST_MATH = YES;
				SDKROOT = iphoneos;
				SWIFT_COMPILATION_MODE = wholemodule;
				SWIFT_OPTIMIZATION_LEVEL = "-O";
				VALIDATE_PRODUCT = YES;
			};
			name = Release;
		};
		EACB226526824C860037FF69 /* Debug */ = {
			isa = XCBuildConfiguration;
			baseConfigurationReference = 0A279A92A6F03B028301F81E /* Pods-BasicBroadcast.debug.xcconfig */;
			buildSettings = {
				ALWAYS_EMBED_SWIFT_STANDARD_LIBRARIES = YES;
				ASSETCATALOG_COMPILER_APPICON_NAME = AppIcon;
				ASSETCATALOG_COMPILER_GLOBAL_ACCENT_COLOR_NAME = AccentColor;
				CODE_SIGN_ENTITLEMENTS = BasicBroadcast/BasicBroadcast.entitlements;
				CODE_SIGN_STYLE = Automatic;
				INFOPLIST_FILE = BasicBroadcast/Info.plist;
				LD_RUNPATH_SEARCH_PATHS = (
					"$(inherited)",
					"@executable_path/Frameworks",
				);
				PRODUCT_BUNDLE_IDENTIFIER = "com.example.amazon-samplecode.BasicBroadcast";
				PRODUCT_NAME = "$(TARGET_NAME)";
				SWIFT_VERSION = 5.0;
				TARGETED_DEVICE_FAMILY = "1,2";
			};
			name = Debug;
		};
		EACB226626824C860037FF69 /* Release */ = {
			isa = XCBuildConfiguration;
			baseConfigurationReference = 5E4B9DF69F022AB3F19D0667 /* Pods-BasicBroadcast.release.xcconfig */;
			buildSettings = {
				ALWAYS_EMBED_SWIFT_STANDARD_LIBRARIES = YES;
				ASSETCATALOG_COMPILER_APPICON_NAME = AppIcon;
				ASSETCATALOG_COMPILER_GLOBAL_ACCENT_COLOR_NAME = AccentColor;
				CODE_SIGN_ENTITLEMENTS = BasicBroadcast/BasicBroadcast.entitlements;
				CODE_SIGN_STYLE = Automatic;
				INFOPLIST_FILE = BasicBroadcast/Info.plist;
				LD_RUNPATH_SEARCH_PATHS = (
					"$(inherited)",
					"@executable_path/Frameworks",
				);
				PRODUCT_BUNDLE_IDENTIFIER = "com.example.amazon-samplecode.BasicBroadcast";
				PRODUCT_NAME = "$(TARGET_NAME)";
				SWIFT_VERSION = 5.0;
				TARGETED_DEVICE_FAMILY = "1,2";
			};
			name = Release;
		};
		F8CD98D629B8D77F00F43D0E /* Debug */ = {
			isa = XCBuildConfiguration;
			baseConfigurationReference = 312B94BF549B2C2394080537 /* Pods-StagesApp.debug.xcconfig */;
			buildSettings = {
				ASSETCATALOG_COMPILER_APPICON_NAME = AppIcon;
				ASSETCATALOG_COMPILER_GLOBAL_ACCENT_COLOR_NAME = AccentColor;
				CLANG_CXX_LANGUAGE_STANDARD = "gnu++20";
				CLANG_ENABLE_MODULES = YES;
				CODE_SIGN_STYLE = Automatic;
				CURRENT_PROJECT_VERSION = 1;
				GENERATE_INFOPLIST_FILE = YES;
				INFOPLIST_FILE = StagesApp/Info.plist;
				INFOPLIST_KEY_UIApplicationSupportsIndirectInputEvents = YES;
				INFOPLIST_KEY_UILaunchStoryboardName = LaunchScreen;
				INFOPLIST_KEY_UIMainStoryboardFile = Main;
				INFOPLIST_KEY_UISupportedInterfaceOrientations_iPad = "UIInterfaceOrientationPortrait UIInterfaceOrientationPortraitUpsideDown UIInterfaceOrientationLandscapeLeft UIInterfaceOrientationLandscapeRight";
				INFOPLIST_KEY_UISupportedInterfaceOrientations_iPhone = "UIInterfaceOrientationPortrait UIInterfaceOrientationLandscapeLeft UIInterfaceOrientationLandscapeRight";
				IPHONEOS_DEPLOYMENT_TARGET = 14.0;
				LD_RUNPATH_SEARCH_PATHS = (
					"$(inherited)",
					"@executable_path/Frameworks",
				);
				MARKETING_VERSION = 1.0;
				PRODUCT_BUNDLE_IDENTIFIER = "com.example.amazon-samplecode.StagesApp";
				PRODUCT_NAME = "$(TARGET_NAME)";
				SWIFT_EMIT_LOC_STRINGS = YES;
				SWIFT_OPTIMIZATION_LEVEL = "-Onone";
				SWIFT_VERSION = 5.0;
				TARGETED_DEVICE_FAMILY = "1,2";
			};
			name = Debug;
		};
		F8CD98D729B8D77F00F43D0E /* Release */ = {
			isa = XCBuildConfiguration;
			baseConfigurationReference = DBE51101647D603F51EF2DC4 /* Pods-StagesApp.release.xcconfig */;
			buildSettings = {
				ASSETCATALOG_COMPILER_APPICON_NAME = AppIcon;
				ASSETCATALOG_COMPILER_GLOBAL_ACCENT_COLOR_NAME = AccentColor;
				CLANG_CXX_LANGUAGE_STANDARD = "gnu++20";
				CLANG_ENABLE_MODULES = YES;
				CODE_SIGN_STYLE = Automatic;
				CURRENT_PROJECT_VERSION = 1;
				GENERATE_INFOPLIST_FILE = YES;
				INFOPLIST_FILE = StagesApp/Info.plist;
				INFOPLIST_KEY_UIApplicationSupportsIndirectInputEvents = YES;
				INFOPLIST_KEY_UILaunchStoryboardName = LaunchScreen;
				INFOPLIST_KEY_UIMainStoryboardFile = Main;
				INFOPLIST_KEY_UISupportedInterfaceOrientations_iPad = "UIInterfaceOrientationPortrait UIInterfaceOrientationPortraitUpsideDown UIInterfaceOrientationLandscapeLeft UIInterfaceOrientationLandscapeRight";
				INFOPLIST_KEY_UISupportedInterfaceOrientations_iPhone = "UIInterfaceOrientationPortrait UIInterfaceOrientationLandscapeLeft UIInterfaceOrientationLandscapeRight";
				IPHONEOS_DEPLOYMENT_TARGET = 14.0;
				LD_RUNPATH_SEARCH_PATHS = (
					"$(inherited)",
					"@executable_path/Frameworks",
				);
				MARKETING_VERSION = 1.0;
				PRODUCT_BUNDLE_IDENTIFIER = "com.example.amazon-samplecode.StagesApp";
				PRODUCT_NAME = "$(TARGET_NAME)";
				SWIFT_EMIT_LOC_STRINGS = YES;
				SWIFT_VERSION = 5.0;
				TARGETED_DEVICE_FAMILY = "1,2";
			};
			name = Release;
		};
/* End XCBuildConfiguration section */

/* Begin XCConfigurationList section */
		EA6F460F2683773200C7A12C /* Build configuration list for PBXNativeTarget "ScreenCapture" */ = {
			isa = XCConfigurationList;
			buildConfigurations = (
				EA6F46102683773200C7A12C /* Debug */,
				EA6F46112683773200C7A12C /* Release */,
			);
			defaultConfigurationIsVisible = 0;
			defaultConfigurationName = Release;
		};
		EACB224B26824C850037FF69 /* Build configuration list for PBXProject "BasicBroadcast" */ = {
			isa = XCConfigurationList;
			buildConfigurations = (
				EACB226226824C860037FF69 /* Debug */,
				EACB226326824C860037FF69 /* Release */,
			);
			defaultConfigurationIsVisible = 0;
			defaultConfigurationName = Release;
		};
		EACB226426824C860037FF69 /* Build configuration list for PBXNativeTarget "BasicBroadcast" */ = {
			isa = XCConfigurationList;
			buildConfigurations = (
				EACB226526824C860037FF69 /* Debug */,
				EACB226626824C860037FF69 /* Release */,
			);
			defaultConfigurationIsVisible = 0;
			defaultConfigurationName = Release;
		};
		F8CD98D829B8D77F00F43D0E /* Build configuration list for PBXNativeTarget "StagesApp" */ = {
			isa = XCConfigurationList;
			buildConfigurations = (
				F8CD98D629B8D77F00F43D0E /* Debug */,
				F8CD98D729B8D77F00F43D0E /* Release */,
			);
			defaultConfigurationIsVisible = 0;
			defaultConfigurationName = Release;
		};
/* End XCConfigurationList section */
	};
	rootObject = EACB224826824C850037FF69 /* Project object */;
}
